
Microsoft Visual Studio Solution File, Format Version 12.00
# Visual Studio Version 17
VisualStudioVersion = 17.14.36121.58 d17.14
MinimumVisualStudioVersion = 10.0.40219.1
Project("{FAE04EC0-301F-11D3-BF4B-00C04F79EFBC}") = "SiparisYonetimUygulaması", "SiparisYonetimUygulaması.csproj", "{B711C6F2-7671-4CA1-8F9E-E6DB44506ACC}"
EndProject
Global
	GlobalSection(SolutionConfigurationPlatforms) = preSolution
		Debug|Any CPU = Debug|Any CPU
		Release|Any CPU = Release|Any CPU
	EndGlobalSection
	GlobalSection(ProjectConfigurationPlatforms) = postSolution
		{B711C6F2-7671-4CA1-8F9E-E6DB44506ACC}.Debug|Any CPU.ActiveCfg = Debug|Any CPU
		{B711C6F2-7671-4CA1-8F9E-E6DB44506ACC}.Debug|Any CPU.Build.0 = Debug|Any CPU
		{B711C6F2-7671-4CA1-8F9E-E6DB44506ACC}.Release|Any CPU.ActiveCfg = Release|Any CPU
		{B711C6F2-7671-4CA1-8F9E-E6DB44506ACC}.Release|Any CPU.Build.0 = Release|Any CPU
	EndGlobalSection
	GlobalSection(SolutionProperties) = preSolution
		HideSolutionNode = FALSE
	EndGlobalSection
	GlobalSection(ExtensibilityGlobals) = postSolution
		SolutionGuid = {A897522C-19DA-4A25-A271-40A26E3B1F2B}
	EndGlobalSection
EndGlobal
